# This file was autogenerated by Stack.
# You should not edit this file by hand.
# For more information, please see the documentation at:
#   https://docs.haskellstack.org/en/stable/lock_files

packages: []
snapshots:
- completed:
    size: 499193
    url: https://raw.githubusercontent.com/commercialhaskell/stackage-snapshots/master/lts/12/1.yaml
    sha256: 2f67d2e2b2f7926260afa0adb908e24a7df2eed14804d6602fa17a5b5de97f61
  original: lts-12.1
